
Microsoft Visual Studio Solution File, Format Version 12.00
# Visual Studio Version 17
VisualStudioVersion = 17.4.33122.133
MinimumVisualStudioVersion = 10.0.40219.1
Project("{FAE04EC0-301F-11D3-BF4B-00C04F79EFBC}") = "fee-texts", "fee-texts.csproj", "{F442A3ED-ADFF-401D-8800-5BCA42854633}"
EndProject
Global
	GlobalSection(SolutionConfigurationPlatforms) = preSolution
		Debug|Any CPU = Debug|Any CPU
		Release|Any CPU = Release|Any CPU
	EndGlobalSection
	GlobalSection(ProjectConfigurationPlatforms) = postSolution
		{F442A3ED-ADFF-401D-8800-5BCA42854633}.Debug|Any CPU.ActiveCfg = Debug|Any CPU
		{F442A3ED-ADFF-401D-8800-5BCA42854633}.Debug|Any CPU.Build.0 = Debug|Any CPU
		{F442A3ED-ADFF-401D-8800-5BCA42854633}.Release|Any CPU.ActiveCfg = Release|Any CPU
		{F442A3ED-ADFF-401D-8800-5BCA42854633}.Release|Any CPU.Build.0 = Release|Any CPU
	EndGlobalSection
	GlobalSection(SolutionProperties) = preSolution
		HideSolutionNode = FALSE
	EndGlobalSection
	GlobalSection(ExtensibilityGlobals) = postSolution
		SolutionGuid = {B4205F62-E67A-4DF6-A73E-112E80E1702F}
	EndGlobalSection
EndGlobal
